
Microsoft Visual Studio Solution File, Format Version 12.00
# Visual Studio 15
VisualStudioVersion = 15.0.27703.2035
MinimumVisualStudioVersion = 10.0.40219.1
Project("{FAE04EC0-301F-11D3-BF4B-00C04F79EFBC}") = "SignalR", "SignalR\SignalR.csproj", "{C457982E-D201-4DBA-BD46-50487BAB6CC5}"
EndProject
Project("{FAE04EC0-301F-11D3-BF4B-00C04F79EFBC}") = "AuthServer", "AuthServer\AuthServer.csproj", "{4556262F-5D3D-4A9C-B911-21DE48F657A9}"
EndProject
Project("{FAE04EC0-301F-11D3-BF4B-00C04F79EFBC}") = "BAL", "BAL\BAL.csproj", "{8F00D4B4-3431-4676-B741-A0C6EAC706E3}"
EndProject
Project("{FAE04EC0-301F-11D3-BF4B-00C04F79EFBC}") = "DAL", "DAL\DAL.csproj", "{21A6A9DC-78E6-4CB4-BB90-35346E40C89F}"
EndProject
Global
	GlobalSection(SolutionConfigurationPlatforms) = preSolution
		Debug|Any CPU = Debug|Any CPU
		Release|Any CPU = Release|Any CPU
	EndGlobalSection
	GlobalSection(ProjectConfigurationPlatforms) = postSolution
		{C457982E-D201-4DBA-BD46-50487BAB6CC5}.Debug|Any CPU.ActiveCfg = Debug|Any CPU
		{C457982E-D201-4DBA-BD46-50487BAB6CC5}.Debug|Any CPU.Build.0 = Debug|Any CPU
		{C457982E-D201-4DBA-BD46-50487BAB6CC5}.Release|Any CPU.ActiveCfg = Release|Any CPU
		{C457982E-D201-4DBA-BD46-50487BAB6CC5}.Release|Any CPU.Build.0 = Release|Any CPU
		{4556262F-5D3D-4A9C-B911-21DE48F657A9}.Debug|Any CPU.ActiveCfg = Debug|Any CPU
		{4556262F-5D3D-4A9C-B911-21DE48F657A9}.Debug|Any CPU.Build.0 = Debug|Any CPU
		{4556262F-5D3D-4A9C-B911-21DE48F657A9}.Release|Any CPU.ActiveCfg = Release|Any CPU
		{4556262F-5D3D-4A9C-B911-21DE48F657A9}.Release|Any CPU.Build.0 = Release|Any CPU
		{8F00D4B4-3431-4676-B741-A0C6EAC706E3}.Debug|Any CPU.ActiveCfg = Debug|Any CPU
		{8F00D4B4-3431-4676-B741-A0C6EAC706E3}.Debug|Any CPU.Build.0 = Debug|Any CPU
		{8F00D4B4-3431-4676-B741-A0C6EAC706E3}.Release|Any CPU.ActiveCfg = Release|Any CPU
		{8F00D4B4-3431-4676-B741-A0C6EAC706E3}.Release|Any CPU.Build.0 = Release|Any CPU
		{21A6A9DC-78E6-4CB4-BB90-35346E40C89F}.Debug|Any CPU.ActiveCfg = Debug|Any CPU
		{21A6A9DC-78E6-4CB4-BB90-35346E40C89F}.Debug|Any CPU.Build.0 = Debug|Any CPU
		{21A6A9DC-78E6-4CB4-BB90-35346E40C89F}.Release|Any CPU.ActiveCfg = Release|Any CPU
		{21A6A9DC-78E6-4CB4-BB90-35346E40C89F}.Release|Any CPU.Build.0 = Release|Any CPU
	EndGlobalSection
	GlobalSection(SolutionProperties) = preSolution
		HideSolutionNode = FALSE
	EndGlobalSection
	GlobalSection(ExtensibilityGlobals) = postSolution
		SolutionGuid = {12F18995-4596-4153-86FE-19683E74BB52}
	EndGlobalSection
EndGlobal
